
Microsoft Visual Studio Solution File, Format Version 12.00
# Visual Studio Version 17
VisualStudioVersion = 17.1.32228.430
MinimumVisualStudioVersion = 10.0.40219.1
Project("{FAE04EC0-301F-11D3-BF4B-00C04F79EFBC}") = "CrowdParlay", "src\CrowdParlay\CrowdParlay.csproj", "{0BE235CF-2F9F-4CFE-9A80-DAC9F02C9E67}"
EndProject
Project("{2150E333-8FDC-42A3-9474-1A3956D46DE8}") = "src", "src", "{1A75D092-FE78-4C66-8779-58898372598C}"
EndProject
Global
	GlobalSection(SolutionConfigurationPlatforms) = preSolution
		Debug|Any CPU = Debug|Any CPU
		Release|Any CPU = Release|Any CPU
	EndGlobalSection
	GlobalSection(ProjectConfigurationPlatforms) = postSolution
		{0BE235CF-2F9F-4CFE-9A80-DAC9F02C9E67}.Debug|Any CPU.ActiveCfg = Debug|Any CPU
		{0BE235CF-2F9F-4CFE-9A80-DAC9F02C9E67}.Debug|Any CPU.Build.0 = Debug|Any CPU
		{0BE235CF-2F9F-4CFE-9A80-DAC9F02C9E67}.Release|Any CPU.ActiveCfg = Release|Any CPU
		{0BE235CF-2F9F-4CFE-9A80-DAC9F02C9E67}.Release|Any CPU.Build.0 = Release|Any CPU
	EndGlobalSection
	GlobalSection(SolutionProperties) = preSolution
		HideSolutionNode = FALSE
	EndGlobalSection
	GlobalSection(NestedProjects) = preSolution
		{0BE235CF-2F9F-4CFE-9A80-DAC9F02C9E67} = {1A75D092-FE78-4C66-8779-58898372598C}
	EndGlobalSection
	GlobalSection(ExtensibilityGlobals) = postSolution
		SolutionGuid = {337FD7CF-0042-4F4F-973F-481F0946C6FD}
	EndGlobalSection
EndGlobal
